// !$*UTF8*$!
{
	archiveVersion = 1;
	classes = {
	};
	objectVersion = 46;
	objects = {

/* Begin PBXBuildFile section */
		1912255D1CF070B1008FC557 /* DYBannerCollectionViewCell.m in Sources */ = {isa = PBXBuildFile; fileRef = 191225581CF070B1008FC557 /* DYBannerCollectionViewCell.m */; };
		1912255E1CF070B1008FC557 /* DYBannerView.m in Sources */ = {isa = PBXBuildFile; fileRef = 1912255A1CF070B1008FC557 /* DYBannerView.m */; };
		191225621CF070DD008FC557 /* SystemsDetection.m in Sources */ = {isa = PBXBuildFile; fileRef = 191225611CF070DD008FC557 /* SystemsDetection.m */; };
		191225661CF070F8008FC557 /* DYNetworking.m in Sources */ = {isa = PBXBuildFile; fileRef = 191225651CF070F8008FC557 /* DYNetworking.m */; };
		191225691CF0718C008FC557 /* Slide.m in Sources */ = {isa = PBXBuildFile; fileRef = 191225681CF0718C008FC557 /* Slide.m */; };
		1912256F1CF07477008FC557 /* TalentObject.m in Sources */ = {isa = PBXBuildFile; fileRef = 1912256E1CF07477008FC557 /* TalentObject.m */; };
		191225721CF07599008FC557 /* TopicObject.m in Sources */ = {isa = PBXBuildFile; fileRef = 191225711CF07599008FC557 /* TopicObject.m */; };
		191225781CF0ADA4008FC557 /* DYTableViewControllerDataSource.m in Sources */ = {isa = PBXBuildFile; fileRef = 191225771CF0ADA4008FC557 /* DYTableViewControllerDataSource.m */; };
		1912257B1CF0CCC9008FC557 /* SGKHotTopicCell.m in Sources */ = {isa = PBXBuildFile; fileRef = 1912257A1CF0CCC9008FC557 /* SGKHotTopicCell.m */; };
		1912257E1CF0D48B008FC557 /* DYNetworking+HomeHttpRequest.m in Sources */ = {isa = PBXBuildFile; fileRef = 1912257D1CF0D48B008FC557 /* DYNetworking+HomeHttpRequest.m */; };
		191E64C81CEECFF600E5FAA5 /* SGKHomeTableHeaderView.m in Sources */ = {isa = PBXBuildFile; fileRef = 191E64C71CEECFF600E5FAA5 /* SGKHomeTableHeaderView.m */; };
		191E64CB1CEEFC6800E5FAA5 /* SGKRelationCell.m in Sources */ = {isa = PBXBuildFile; fileRef = 191E64CA1CEEFC6800E5FAA5 /* SGKRelationCell.m */; };
		191E64CE1CF0070100E5FAA5 /* SGKTalentCell.m in Sources */ = {isa = PBXBuildFile; fileRef = 191E64CD1CF0070100E5FAA5 /* SGKTalentCell.m */; };
		1945EDB41CF1938800279CFB /* HomeViewModel.m in Sources */ = {isa = PBXBuildFile; fileRef = 1945EDB31CF1938800279CFB /* HomeViewModel.m */; };
		1945EDB71CF1975800279CFB /* Relation.m in Sources */ = {isa = PBXBuildFile; fileRef = 1945EDB61CF1975800279CFB /* Relation.m */; };
		1945EDBC1CF1D3D400279CFB /* SGKSlideCell.m in Sources */ = {isa = PBXBuildFile; fileRef = 1945EDBB1CF1D3D400279CFB /* SGKSlideCell.m */; };
		1945EDBF1CF2059600279CFB /* SGKPublishView.m in Sources */ = {isa = PBXBuildFile; fileRef = 1945EDBE1CF2059600279CFB /* SGKPublishView.m */; };
		1945EDC21CF224C600279CFB /* SGKSubjectDetailViewController.m in Sources */ = {isa = PBXBuildFile; fileRef = 1945EDC11CF224C600279CFB /* SGKSubjectDetailViewController.m */; };
		1949AE871CEDD754005A85AD /* SGKCourseViewController.m in Sources */ = {isa = PBXBuildFile; fileRef = 1949AE661CEDD754005A85AD /* SGKCourseViewController.m */; };
		1949AE881CEDD754005A85AD /* SGKHandCircleViewController.m in Sources */ = {isa = PBXBuildFile; fileRef = 1949AE6D1CEDD754005A85AD /* SGKHandCircleViewController.m */; };
		1949AE891CEDD754005A85AD /* SGKHomeViewController.m in Sources */ = {isa = PBXBuildFile; fileRef = 1949AE741CEDD754005A85AD /* SGKHomeViewController.m */; };
		1949AE8A1CEDD754005A85AD /* SGKUserViewController.m in Sources */ = {isa = PBXBuildFile; fileRef = 1949AE7B1CEDD754005A85AD /* SGKUserViewController.m */; };
		1949AE8B1CEDD754005A85AD /* SGKShijiViewController.m in Sources */ = {isa = PBXBuildFile; fileRef = 1949AE831CEDD754005A85AD /* SGKShijiViewController.m */; };
		1949AE921CEE0A33005A85AD /* TestViewController.m in Sources */ = {isa = PBXBuildFile; fileRef = 1949AE911CEE0A33005A85AD /* TestViewController.m */; };
		19D20A191CE9D7B400614167 /* main.m in Sources */ = {isa = PBXBuildFile; fileRef = 19D20A181CE9D7B400614167 /* main.m */; };
		19D20A1C1CE9D7B400614167 /* AppDelegate.m in Sources */ = {isa = PBXBuildFile; fileRef = 19D20A1B1CE9D7B400614167 /* AppDelegate.m */; };
		19D20A1F1CE9D7B400614167 /* ViewController.m in Sources */ = {isa = PBXBuildFile; fileRef = 19D20A1E1CE9D7B400614167 /* ViewController.m */; };
		19D20A221CE9D7B400614167 /* Main.storyboard in Resources */ = {isa = PBXBuildFile; fileRef = 19D20A201CE9D7B400614167 /* Main.storyboard */; };
		19D20A271CE9D7B400614167 /* LaunchScreen.storyboard in Resources */ = {isa = PBXBuildFile; fileRef = 19D20A251CE9D7B400614167 /* LaunchScreen.storyboard */; };
		19E019881CEAED9100A520C4 /* Assets.xcassets in Resources */ = {isa = PBXBuildFile; fileRef = 19E019871CEAED9100A520C4 /* Assets.xcassets */; };
		19E01A241CEC9D0900A520C4 /* SGKMainViewController.m in Sources */ = {isa = PBXBuildFile; fileRef = 19E01A231CEC9D0900A520C4 /* SGKMainViewController.m */; };
		19EF6E181CF2E1AA002E4C2A /* SGKBackToolBar.m in Sources */ = {isa = PBXBuildFile; fileRef = 19EF6E171CF2E1AA002E4C2A /* SGKBackToolBar.m */; };
		19EF6E1B1CF30B72002E4C2A /* SGKActivityViewController.m in Sources */ = {isa = PBXBuildFile; fileRef = 19EF6E1A1CF30B72002E4C2A /* SGKActivityViewController.m */; };
		19EF6E1E1CF30CBC002E4C2A /* SGKActivityCell.m in Sources */ = {isa = PBXBuildFile; fileRef = 19EF6E1D1CF30CBC002E4C2A /* SGKActivityCell.m */; };
		19EF6E211CF30DB1002E4C2A /* Activity.m in Sources */ = {isa = PBXBuildFile; fileRef = 19EF6E201CF30DB1002E4C2A /* Activity.m */; };
		19EF6E261CF31EA1002E4C2A /* DYNetworking+ActivityHttpRequest.m in Sources */ = {isa = PBXBuildFile; fileRef = 19EF6E251CF31EA1002E4C2A /* DYNetworking+ActivityHttpRequest.m */; };
		19EF6E2A1CF3568F002E4C2A /* DYNetworking+TalentListHttpRequest.m in Sources */ = {isa = PBXBuildFile; fileRef = 19EF6E291CF3568F002E4C2A /* DYNetworking+TalentListHttpRequest.m */; };
		19EF6E2D1CF35860002E4C2A /* TalentListModel.m in Sources */ = {isa = PBXBuildFile; fileRef = 19EF6E2C1CF35860002E4C2A /* TalentListModel.m */; };
		19EF6E301CF35BF8002E4C2A /* SGKTalentListCell.m in Sources */ = {isa = PBXBuildFile; fileRef = 19EF6E2F1CF35BF8002E4C2A /* SGKTalentListCell.m */; };
		19FC04C41CF36E05005EAAD7 /* SGKTalentListViewController.m in Sources */ = {isa = PBXBuildFile; fileRef = 19FC04C31CF36E05005EAAD7 /* SGKTalentListViewController.m */; };
		671F8C77510090F548A1CFB5 /* libPods-Shougongke.a in Frameworks */ = {isa = PBXBuildFile; fileRef = 22CDB22086622D49F8DBC98B /* libPods-Shougongke.a */; };
/* End PBXBuildFile section */

/* Begin PBXFileReference section */
		191225571CF070B1008FC557 /* DYBannerCollectionViewCell.h */ = {isa = PBXFileReference; fileEncoding = 4; lastKnownFileType = sourcecode.c.h; path = DYBannerCollectionViewCell.h; sourceTree = "<group>"; };
		191225581CF070B1008FC557 /* DYBannerCollectionViewCell.m */ = {isa = PBXFileReference; fileEncoding = 4; lastKnownFileType = sourcecode.c.objc; path = DYBannerCollectionViewCell.m; sourceTree = "<group>"; };
		191225591CF070B1008FC557 /* DYBannerView.h */ = {isa = PBXFileReference; fileEncoding = 4; lastKnownFileType = sourcecode.c.h; path = DYBannerView.h; sourceTree = "<group>"; };
		1912255A1CF070B1008FC557 /* DYBannerView.m */ = {isa = PBXFileReference; fileEncoding = 4; lastKnownFileType = sourcecode.c.objc; path = DYBannerView.m; sourceTree = "<group>"; };
		191225601CF070DD008FC557 /* SystemsDetection.h */ = {isa = PBXFileReference; fileEncoding = 4; lastKnownFileType = sourcecode.c.h; path = SystemsDetection.h; sourceTree = "<group>"; };
		191225611CF070DD008FC557 /* SystemsDetection.m */ = {isa = PBXFileReference; fileEncoding = 4; lastKnownFileType = sourcecode.c.objc; path = SystemsDetection.m; sourceTree = "<group>"; };
		191225641CF070F8008FC557 /* DYNetworking.h */ = {isa = PBXFileReference; fileEncoding = 4; lastKnownFileType = sourcecode.c.h; path = DYNetworking.h; sourceTree = "<group>"; };
		191225651CF070F8008FC557 /* DYNetworking.m */ = {isa = PBXFileReference; fileEncoding = 4; lastKnownFileType = sourcecode.c.objc; path = DYNetworking.m; sourceTree = "<group>"; };
		191225671CF0718C008FC557 /* Slide.h */ = {isa = PBXFileReference; fileEncoding = 4; lastKnownFileType = sourcecode.c.h; path = Slide.h; sourceTree = "<group>"; };
		191225681CF0718C008FC557 /* Slide.m */ = {isa = PBXFileReference; fileEncoding = 4; lastKnownFileType = sourcecode.c.objc; path = Slide.m; sourceTree = "<group>"; };
		1912256D1CF07477008FC557 /* TalentObject.h */ = {isa = PBXFileReference; fileEncoding = 4; lastKnownFileType = sourcecode.c.h; path = TalentObject.h; sourceTree = "<group>"; };
		1912256E1CF07477008FC557 /* TalentObject.m */ = {isa = PBXFileReference; fileEncoding = 4; lastKnownFileType = sourcecode.c.objc; path = TalentObject.m; sourceTree = "<group>"; };
		191225701CF07599008FC557 /* TopicObject.h */ = {isa = PBXFileReference; fileEncoding = 4; lastKnownFileType = sourcecode.c.h; path = TopicObject.h; sourceTree = "<group>"; };
		191225711CF07599008FC557 /* TopicObject.m */ = {isa = PBXFileReference; fileEncoding = 4; lastKnownFileType = sourcecode.c.objc; path = TopicObject.m; sourceTree = "<group>"; };
		191225761CF0ADA4008FC557 /* DYTableViewControllerDataSource.h */ = {isa = PBXFileReference; fileEncoding = 4; lastKnownFileType = sourcecode.c.h; path = DYTableViewControllerDataSource.h; sourceTree = "<group>"; };
		191225771CF0ADA4008FC557 /* DYTableViewControllerDataSource.m */ = {isa = PBXFileReference; fileEncoding = 4; lastKnownFileType = sourcecode.c.objc; path = DYTableViewControllerDataSource.m; sourceTree = "<group>"; };
		191225791CF0CCC9008FC557 /* SGKHotTopicCell.h */ = {isa = PBXFileReference; fileEncoding = 4; lastKnownFileType = sourcecode.c.h; path = SGKHotTopicCell.h; sourceTree = "<group>"; };
		1912257A1CF0CCC9008FC557 /* SGKHotTopicCell.m */ = {isa = PBXFileReference; fileEncoding = 4; lastKnownFileType = sourcecode.c.objc; path = SGKHotTopicCell.m; sourceTree = "<group>"; };
		1912257C1CF0D48B008FC557 /* DYNetworking+HomeHttpRequest.h */ = {isa = PBXFileReference; fileEncoding = 4; lastKnownFileType = sourcecode.c.h; path = "DYNetworking+HomeHttpRequest.h"; sourceTree = "<group>"; };
		1912257D1CF0D48B008FC557 /* DYNetworking+HomeHttpRequest.m */ = {isa = PBXFileReference; fileEncoding = 4; lastKnownFileType = sourcecode.c.objc; path = "DYNetworking+HomeHttpRequest.m"; sourceTree = "<group>"; };
		191E64C61CEECFF600E5FAA5 /* SGKHomeTableHeaderView.h */ = {isa = PBXFileReference; fileEncoding = 4; lastKnownFileType = sourcecode.c.h; path = SGKHomeTableHeaderView.h; sourceTree = "<group>"; };
		191E64C71CEECFF600E5FAA5 /* SGKHomeTableHeaderView.m */ = {isa = PBXFileReference; fileEncoding = 4; lastKnownFileType = sourcecode.c.objc; path = SGKHomeTableHeaderView.m; sourceTree = "<group>"; };
		191E64C91CEEFC6800E5FAA5 /* SGKRelationCell.h */ = {isa = PBXFileReference; fileEncoding = 4; lastKnownFileType = sourcecode.c.h; path = SGKRelationCell.h; sourceTree = "<group>"; };
		191E64CA1CEEFC6800E5FAA5 /* SGKRelationCell.m */ = {isa = PBXFileReference; fileEncoding = 4; lastKnownFileType = sourcecode.c.objc; path = SGKRelationCell.m; sourceTree = "<group>"; };
		191E64CC1CF0070100E5FAA5 /* SGKTalentCell.h */ = {isa = PBXFileReference; fileEncoding = 4; lastKnownFileType = sourcecode.c.h; path = SGKTalentCell.h; sourceTree = "<group>"; };
		191E64CD1CF0070100E5FAA5 /* SGKTalentCell.m */ = {isa = PBXFileReference; fileEncoding = 4; lastKnownFileType = sourcecode.c.objc; path = SGKTalentCell.m; sourceTree = "<group>"; };
		1945EDB21CF1938800279CFB /* HomeViewModel.h */ = {isa = PBXFileReference; fileEncoding = 4; lastKnownFileType = sourcecode.c.h; path = HomeViewModel.h; sourceTree = "<group>"; };
		1945EDB31CF1938800279CFB /* HomeViewModel.m */ = {isa = PBXFileReference; fileEncoding = 4; lastKnownFileType = sourcecode.c.objc; path = HomeViewModel.m; sourceTree = "<group>"; };
		1945EDB51CF1975800279CFB /* Relation.h */ = {isa = PBXFileReference; fileEncoding = 4; lastKnownFileType = sourcecode.c.h; path = Relation.h; sourceTree = "<group>"; };
		1945EDB61CF1975800279CFB /* Relation.m */ = {isa = PBXFileReference; fileEncoding = 4; lastKnownFileType = sourcecode.c.objc; path = Relation.m; sourceTree = "<group>"; };
		1945EDBA1CF1D3D400279CFB /* SGKSlideCell.h */ = {isa = PBXFileReference; fileEncoding = 4; lastKnownFileType = sourcecode.c.h; path = SGKSlideCell.h; sourceTree = "<group>"; };
		1945EDBB1CF1D3D400279CFB /* SGKSlideCell.m */ = {isa = PBXFileReference; fileEncoding = 4; lastKnownFileType = sourcecode.c.objc; path = SGKSlideCell.m; sourceTree = "<group>"; };
		1945EDBD1CF2059600279CFB /* SGKPublishView.h */ = {isa = PBXFileReference; fileEncoding = 4; lastKnownFileType = sourcecode.c.h; path = SGKPublishView.h; sourceTree = "<group>"; };
		1945EDBE1CF2059600279CFB /* SGKPublishView.m */ = {isa = PBXFileReference; fileEncoding = 4; lastKnownFileType = sourcecode.c.objc; path = SGKPublishView.m; sourceTree = "<group>"; };
		1945EDC01CF224C600279CFB /* SGKSubjectDetailViewController.h */ = {isa = PBXFileReference; fileEncoding = 4; lastKnownFileType = sourcecode.c.h; path = SGKSubjectDetailViewController.h; sourceTree = "<group>"; };
		1945EDC11CF224C600279CFB /* SGKSubjectDetailViewController.m */ = {isa = PBXFileReference; fileEncoding = 4; lastKnownFileType = sourcecode.c.objc; path = SGKSubjectDetailViewController.m; sourceTree = "<group>"; };
		1949AE651CEDD754005A85AD /* SGKCourseViewController.h */ = {isa = PBXFileReference; fileEncoding = 4; lastKnownFileType = sourcecode.c.h; path = SGKCourseViewController.h; sourceTree = "<group>"; };
		1949AE661CEDD754005A85AD /* SGKCourseViewController.m */ = {isa = PBXFileReference; fileEncoding = 4; lastKnownFileType = sourcecode.c.objc; path = SGKCourseViewController.m; sourceTree = "<group>"; };
		1949AE6C1CEDD754005A85AD /* SGKHandCircleViewController.h */ = {isa = PBXFileReference; fileEncoding = 4; lastKnownFileType = sourcecode.c.h; path = SGKHandCircleViewController.h; sourceTree = "<group>"; };
		1949AE6D1CEDD754005A85AD /* SGKHandCircleViewController.m */ = {isa = PBXFileReference; fileEncoding = 4; lastKnownFileType = sourcecode.c.objc; path = SGKHandCircleViewController.m; sourceTree = "<group>"; };
		1949AE731CEDD754005A85AD /* SGKHomeViewController.h */ = {isa = PBXFileReference; fileEncoding = 4; lastKnownFileType = sourcecode.c.h; path = SGKHomeViewController.h; sourceTree = "<group>"; };
		1949AE741CEDD754005A85AD /* SGKHomeViewController.m */ = {isa = PBXFileReference; fileEncoding = 4; lastKnownFileType = sourcecode.c.objc; path = SGKHomeViewController.m; sourceTree = "<group>"; };
		1949AE7A1CEDD754005A85AD /* SGKUserViewController.h */ = {isa = PBXFileReference; fileEncoding = 4; lastKnownFileType = sourcecode.c.h; path = SGKUserViewController.h; sourceTree = "<group>"; };
		1949AE7B1CEDD754005A85AD /* SGKUserViewController.m */ = {isa = PBXFileReference; fileEncoding = 4; lastKnownFileType = sourcecode.c.objc; path = SGKUserViewController.m; sourceTree = "<group>"; };
		1949AE821CEDD754005A85AD /* SGKShijiViewController.h */ = {isa = PBXFileReference; fileEncoding = 4; lastKnownFileType = sourcecode.c.h; path = SGKShijiViewController.h; sourceTree = "<group>"; };
		1949AE831CEDD754005A85AD /* SGKShijiViewController.m */ = {isa = PBXFileReference; fileEncoding = 4; lastKnownFileType = sourcecode.c.objc; path = SGKShijiViewController.m; sourceTree = "<group>"; };
		1949AE8C1CEDD7FA005A85AD /* Public.h */ = {isa = PBXFileReference; fileEncoding = 4; lastKnownFileType = sourcecode.c.h; path = Public.h; sourceTree = "<group>"; };
		1949AE901CEE0A33005A85AD /* TestViewController.h */ = {isa = PBXFileReference; fileEncoding = 4; lastKnownFileType = sourcecode.c.h; path = TestViewController.h; sourceTree = "<group>"; };
		1949AE911CEE0A33005A85AD /* TestViewController.m */ = {isa = PBXFileReference; fileEncoding = 4; lastKnownFileType = sourcecode.c.objc; path = TestViewController.m; sourceTree = "<group>"; };
		19D20A141CE9D7B400614167 /* Shougongke.app */ = {isa = PBXFileReference; explicitFileType = wrapper.application; includeInIndex = 0; path = Shougongke.app; sourceTree = BUILT_PRODUCTS_DIR; };
		19D20A181CE9D7B400614167 /* main.m */ = {isa = PBXFileReference; lastKnownFileType = sourcecode.c.objc; path = main.m; sourceTree = "<group>"; };
		19D20A1A1CE9D7B400614167 /* AppDelegate.h */ = {isa = PBXFileReference; lastKnownFileType = sourcecode.c.h; path = AppDelegate.h; sourceTree = "<group>"; };
		19D20A1B1CE9D7B400614167 /* AppDelegate.m */ = {isa = PBXFileReference; lastKnownFileType = sourcecode.c.objc; path = AppDelegate.m; sourceTree = "<group>"; };
		19D20A1D1CE9D7B400614167 /* ViewController.h */ = {isa = PBXFileReference; lastKnownFileType = sourcecode.c.h; path = ViewController.h; sourceTree = "<group>"; };
		19D20A1E1CE9D7B400614167 /* ViewController.m */ = {isa = PBXFileReference; lastKnownFileType = sourcecode.c.objc; path = ViewController.m; sourceTree = "<group>"; };
		19D20A211CE9D7B400614167 /* Base */ = {isa = PBXFileReference; lastKnownFileType = file.storyboard; name = Base; path = Base.lproj/Main.storyboard; sourceTree = "<group>"; };
		19D20A261CE9D7B400614167 /* Base */ = {isa = PBXFileReference; lastKnownFileType = file.storyboard; name = Base; path = Base.lproj/LaunchScreen.storyboard; sourceTree = "<group>"; };
		19D20A281CE9D7B400614167 /* Info.plist */ = {isa = PBXFileReference; lastKnownFileType = text.plist.xml; path = Info.plist; sourceTree = "<group>"; };
		19E019871CEAED9100A520C4 /* Assets.xcassets */ = {isa = PBXFileReference; lastKnownFileType = folder.assetcatalog; path = Assets.xcassets; sourceTree = "<group>"; };
		19E01A221CEC9D0900A520C4 /* SGKMainViewController.h */ = {isa = PBXFileReference; fileEncoding = 4; lastKnownFileType = sourcecode.c.h; path = SGKMainViewController.h; sourceTree = "<group>"; };
		19E01A231CEC9D0900A520C4 /* SGKMainViewController.m */ = {isa = PBXFileReference; fileEncoding = 4; lastKnownFileType = sourcecode.c.objc; path = SGKMainViewController.m; sourceTree = "<group>"; };
		19E01A351CECACDA00A520C4 /* PrefixHeader.pch */ = {isa = PBXFileReference; lastKnownFileType = sourcecode.c.h; path = PrefixHeader.pch; sourceTree = "<group>"; };
		19EF6E161CF2E1AA002E4C2A /* SGKBackToolBar.h */ = {isa = PBXFileReference; fileEncoding = 4; lastKnownFileType = sourcecode.c.h; path = SGKBackToolBar.h; sourceTree = "<group>"; };
		19EF6E171CF2E1AA002E4C2A /* SGKBackToolBar.m */ = {isa = PBXFileReference; fileEncoding = 4; lastKnownFileType = sourcecode.c.objc; path = SGKBackToolBar.m; sourceTree = "<group>"; };
		19EF6E191CF30B72002E4C2A /* SGKActivityViewController.h */ = {isa = PBXFileReference; fileEncoding = 4; lastKnownFileType = sourcecode.c.h; name = SGKActivityViewController.h; path = Shougongke/Home/Controller/SGKActivityViewController.h; sourceTree = SOURCE_ROOT; };
		19EF6E1A1CF30B72002E4C2A /* SGKActivityViewController.m */ = {isa = PBXFileReference; fileEncoding = 4; lastKnownFileType = sourcecode.c.objc; name = SGKActivityViewController.m; path = Shougongke/Home/Controller/SGKActivityViewController.m; sourceTree = SOURCE_ROOT; };
		19EF6E1C1CF30CBC002E4C2A /* SGKActivityCell.h */ = {isa = PBXFileReference; fileEncoding = 4; lastKnownFileType = sourcecode.c.h; path = SGKActivityCell.h; sourceTree = "<group>"; };
		19EF6E1D1CF30CBC002E4C2A /* SGKActivityCell.m */ = {isa = PBXFileReference; fileEncoding = 4; lastKnownFileType = sourcecode.c.objc; path = SGKActivityCell.m; sourceTree = "<group>"; };
		19EF6E1F1CF30DB1002E4C2A /* Activity.h */ = {isa = PBXFileReference; fileEncoding = 4; lastKnownFileType = sourcecode.c.h; path = Activity.h; sourceTree = "<group>"; };
		19EF6E201CF30DB1002E4C2A /* Activity.m */ = {isa = PBXFileReference; fileEncoding = 4; lastKnownFileType = sourcecode.c.objc; path = Activity.m; sourceTree = "<group>"; };
		19EF6E241CF31EA1002E4C2A /* DYNetworking+ActivityHttpRequest.h */ = {isa = PBXFileReference; fileEncoding = 4; lastKnownFileType = sourcecode.c.h; path = "DYNetworking+ActivityHttpRequest.h"; sourceTree = "<group>"; };
		19EF6E251CF31EA1002E4C2A /* DYNetworking+ActivityHttpRequest.m */ = {isa = PBXFileReference; fileEncoding = 4; lastKnownFileType = sourcecode.c.objc; path = "DYNetworking+ActivityHttpRequest.m"; sourceTree = "<group>"; };
		19EF6E281CF3568F002E4C2A /* DYNetworking+TalentListHttpRequest.h */ = {isa = PBXFileReference; fileEncoding = 4; lastKnownFileType = sourcecode.c.h; path = "DYNetworking+TalentListHttpRequest.h"; sourceTree = "<group>"; };
		19EF6E291CF3568F002E4C2A /* DYNetworking+TalentListHttpRequest.m */ = {isa = PBXFileReference; fileEncoding = 4; lastKnownFileType = sourcecode.c.objc; path = "DYNetworking+TalentListHttpRequest.m"; sourceTree = "<group>"; };
		19EF6E2B1CF35860002E4C2A /* TalentListModel.h */ = {isa = PBXFileReference; fileEncoding = 4; lastKnownFileType = sourcecode.c.h; path = TalentListModel.h; sourceTree = "<group>"; };
		19EF6E2C1CF35860002E4C2A /* TalentListModel.m */ = {isa = PBXFileReference; fileEncoding = 4; lastKnownFileType = sourcecode.c.objc; path = TalentListModel.m; sourceTree = "<group>"; };
		19EF6E2E1CF35BF8002E4C2A /* SGKTalentListCell.h */ = {isa = PBXFileReference; fileEncoding = 4; lastKnownFileType = sourcecode.c.h; path = SGKTalentListCell.h; sourceTree = "<group>"; };
		19EF6E2F1CF35BF8002E4C2A /* SGKTalentListCell.m */ = {isa = PBXFileReference; fileEncoding = 4; lastKnownFileType = sourcecode.c.objc; path = SGKTalentListCell.m; sourceTree = "<group>"; };
		19FC04C21CF36E05005EAAD7 /* SGKTalentListViewController.h */ = {isa = PBXFileReference; fileEncoding = 4; lastKnownFileType = sourcecode.c.h; path = SGKTalentListViewController.h; sourceTree = "<group>"; };
		19FC04C31CF36E05005EAAD7 /* SGKTalentListViewController.m */ = {isa = PBXFileReference; fileEncoding = 4; lastKnownFileType = sourcecode.c.objc; path = SGKTalentListViewController.m; sourceTree = "<group>"; };
		22CDB22086622D49F8DBC98B /* libPods-Shougongke.a */ = {isa = PBXFileReference; explicitFileType = archive.ar; includeInIndex = 0; path = "libPods-Shougongke.a"; sourceTree = BUILT_PRODUCTS_DIR; };
		64860FFB2E3476A0D91F3C1A /* Pods-Shougongke.debug.xcconfig */ = {isa = PBXFileReference; includeInIndex = 1; lastKnownFileType = text.xcconfig; name = "Pods-Shougongke.debug.xcconfig"; path = "Pods/Target Support Files/Pods-Shougongke/Pods-Shougongke.debug.xcconfig"; sourceTree = "<group>"; };
		C344B72F8A01118871E8C86C /* Pods-Shougongke.release.xcconfig */ = {isa = PBXFileReference; includeInIndex = 1; lastKnownFileType = text.xcconfig; name = "Pods-Shougongke.release.xcconfig"; path = "Pods/Target Support Files/Pods-Shougongke/Pods-Shougongke.release.xcconfig"; sourceTree = "<group>"; };
/* End PBXFileReference section */

/* Begin PBXFrameworksBuildPhase section */
		19D20A111CE9D7B400614167 /* Frameworks */ = {
			isa = PBXFrameworksBuildPhase;
			buildActionMask = 2147483647;
			files = (
				671F8C77510090F548A1CFB5 /* libPods-Shougongke.a in Frameworks */,
			);
			runOnlyForDeploymentPostprocessing = 0;
		};
/* End PBXFrameworksBuildPhase section */

/* Begin PBXGroup section */
		191225551CF070B1008FC557 /* DYSource */ = {
			isa = PBXGroup;
			children = (
				191225631CF070F8008FC557 /* DYNetworking */,
				191225561CF070B1008FC557 /* DYBannerView */,
				191225761CF0ADA4008FC557 /* DYTableViewControllerDataSource.h */,
				191225771CF0ADA4008FC557 /* DYTableViewControllerDataSource.m */,
			);
			path = DYSource;
			sourceTree = "<group>";
		};
		191225561CF070B1008FC557 /* DYBannerView */ = {
			isa = PBXGroup;
			children = (
				191225571CF070B1008FC557 /* DYBannerCollectionViewCell.h */,
				191225581CF070B1008FC557 /* DYBannerCollectionViewCell.m */,
				191225591CF070B1008FC557 /* DYBannerView.h */,
				1912255A1CF070B1008FC557 /* DYBannerView.m */,
			);
			path = DYBannerView;
			sourceTree = "<group>";
		};
		191225631CF070F8008FC557 /* DYNetworking */ = {
			isa = PBXGroup;
			children = (
				191225641CF070F8008FC557 /* DYNetworking.h */,
				191225651CF070F8008FC557 /* DYNetworking.m */,
			);
			path = DYNetworking;
			sourceTree = "<group>";
		};
		1949AE621CEDD754005A85AD /* Category */ = {
			isa = PBXGroup;
			children = (
			);
			path = Category;
			sourceTree = "<group>";
		};
		1949AE631CEDD754005A85AD /* Course(教程) */ = {
			isa = PBXGroup;
			children = (
				1949AE641CEDD754005A85AD /* Controller */,
				1949AE671CEDD754005A85AD /* HttpRequest */,
				1949AE681CEDD754005A85AD /* Model */,
				1949AE691CEDD754005A85AD /* View */,
			);
			name = "Course(教程)";
			path = Course;
			sourceTree = "<group>";
		};
		1949AE641CEDD754005A85AD /* Controller */ = {
			isa = PBXGroup;
			children = (
				1949AE651CEDD754005A85AD /* SGKCourseViewController.h */,
				1949AE661CEDD754005A85AD /* SGKCourseViewController.m */,
			);
			path = Controller;
			sourceTree = "<group>";
		};
		1949AE671CEDD754005A85AD /* HttpRequest */ = {
			isa = PBXGroup;
			children = (
			);
			path = HttpRequest;
			sourceTree = "<group>";
		};
		1949AE681CEDD754005A85AD /* Model */ = {
			isa = PBXGroup;
			children = (
			);
			path = Model;
			sourceTree = "<group>";
		};
		1949AE691CEDD754005A85AD /* View */ = {
			isa = PBXGroup;
			children = (
			);
			path = View;
			sourceTree = "<group>";
		};
		1949AE6A1CEDD754005A85AD /* HandCircle(手工圈) */ = {
			isa = PBXGroup;
			children = (
				1949AE6B1CEDD754005A85AD /* Controller */,
				1949AE6E1CEDD754005A85AD /* HttpRequest */,
				1949AE6F1CEDD754005A85AD /* Model */,
				1949AE701CEDD754005A85AD /* View */,
			);
			name = "HandCircle(手工圈)";
			path = HandCircle;
			sourceTree = "<group>";
		};
		1949AE6B1CEDD754005A85AD /* Controller */ = {
			isa = PBXGroup;
			children = (
				1949AE6C1CEDD754005A85AD /* SGKHandCircleViewController.h */,
				1949AE6D1CEDD754005A85AD /* SGKHandCircleViewController.m */,
			);
			path = Controller;
			sourceTree = "<group>";
		};
		1949AE6E1CEDD754005A85AD /* HttpRequest */ = {
			isa = PBXGroup;
			children = (
			);
			path = HttpRequest;
			sourceTree = "<group>";
		};
		1949AE6F1CEDD754005A85AD /* Model */ = {
			isa = PBXGroup;
			children = (
			);
			path = Model;
			sourceTree = "<group>";
		};
		1949AE701CEDD754005A85AD /* View */ = {
			isa = PBXGroup;
			children = (
			);
			path = View;
			sourceTree = "<group>";
		};
		1949AE711CEDD754005A85AD /* Home(首页) */ = {
			isa = PBXGroup;
			children = (
				1949AE721CEDD754005A85AD /* Controller */,
				1949AE771CEDD754005A85AD /* View */,
				1949AE761CEDD754005A85AD /* Model */,
			);
			name = "Home(首页)";
			path = Home;
			sourceTree = "<group>";
		};
		1949AE721CEDD754005A85AD /* Controller */ = {
			isa = PBXGroup;
			children = (
				1949AE731CEDD754005A85AD /* SGKHomeViewController.h */,
				1949AE741CEDD754005A85AD /* SGKHomeViewController.m */,
				19EF6E191CF30B72002E4C2A /* SGKActivityViewController.h */,
				19EF6E1A1CF30B72002E4C2A /* SGKActivityViewController.m */,
				1949AE901CEE0A33005A85AD /* TestViewController.h */,
				1949AE911CEE0A33005A85AD /* TestViewController.m */,
				1945EDC01CF224C600279CFB /* SGKSubjectDetailViewController.h */,
				1945EDC11CF224C600279CFB /* SGKSubjectDetailViewController.m */,
				19FC04C21CF36E05005EAAD7 /* SGKTalentListViewController.h */,
				19FC04C31CF36E05005EAAD7 /* SGKTalentListViewController.m */,
			);
			path = Controller;
			sourceTree = "<group>";
		};
		1949AE761CEDD754005A85AD /* Model */ = {
			isa = PBXGroup;
			children = (
				191225671CF0718C008FC557 /* Slide.h */,
				191225681CF0718C008FC557 /* Slide.m */,
				1912256D1CF07477008FC557 /* TalentObject.h */,
				1912256E1CF07477008FC557 /* TalentObject.m */,
				19EF6E2B1CF35860002E4C2A /* TalentListModel.h */,
				19EF6E2C1CF35860002E4C2A /* TalentListModel.m */,
				191225701CF07599008FC557 /* TopicObject.h */,
				191225711CF07599008FC557 /* TopicObject.m */,
				1945EDB21CF1938800279CFB /* HomeViewModel.h */,
				1945EDB31CF1938800279CFB /* HomeViewModel.m */,
				1945EDB51CF1975800279CFB /* Relation.h */,
				1945EDB61CF1975800279CFB /* Relation.m */,
				19EF6E1F1CF30DB1002E4C2A /* Activity.h */,
				19EF6E201CF30DB1002E4C2A /* Activity.m */,
				1912257C1CF0D48B008FC557 /* DYNetworking+HomeHttpRequest.h */,
				1912257D1CF0D48B008FC557 /* DYNetworking+HomeHttpRequest.m */,
				19EF6E241CF31EA1002E4C2A /* DYNetworking+ActivityHttpRequest.h */,
				19EF6E251CF31EA1002E4C2A /* DYNetworking+ActivityHttpRequest.m */,
				19EF6E281CF3568F002E4C2A /* DYNetworking+TalentListHttpRequest.h */,
				19EF6E291CF3568F002E4C2A /* DYNetworking+TalentListHttpRequest.m */,
			);
			path = Model;
			sourceTree = "<group>";
		};
		1949AE771CEDD754005A85AD /* View */ = {
			isa = PBXGroup;
			children = (
				191E64C61CEECFF600E5FAA5 /* SGKHomeTableHeaderView.h */,
				191E64C71CEECFF600E5FAA5 /* SGKHomeTableHeaderView.m */,
				1945EDBA1CF1D3D400279CFB /* SGKSlideCell.h */,
				1945EDBB1CF1D3D400279CFB /* SGKSlideCell.m */,
				191E64C91CEEFC6800E5FAA5 /* SGKRelationCell.h */,
				191E64CA1CEEFC6800E5FAA5 /* SGKRelationCell.m */,
				191E64CC1CF0070100E5FAA5 /* SGKTalentCell.h */,
				191E64CD1CF0070100E5FAA5 /* SGKTalentCell.m */,
				191225791CF0CCC9008FC557 /* SGKHotTopicCell.h */,
				1912257A1CF0CCC9008FC557 /* SGKHotTopicCell.m */,
				1945EDBD1CF2059600279CFB /* SGKPublishView.h */,
				1945EDBE1CF2059600279CFB /* SGKPublishView.m */,
				19EF6E1C1CF30CBC002E4C2A /* SGKActivityCell.h */,
				19EF6E1D1CF30CBC002E4C2A /* SGKActivityCell.m */,
				19EF6E2E1CF35BF8002E4C2A /* SGKTalentListCell.h */,
				19EF6E2F1CF35BF8002E4C2A /* SGKTalentListCell.m */,
			);
			path = View;
			sourceTree = "<group>";
		};
		1949AE781CEDD754005A85AD /* Me(我的) */ = {
			isa = PBXGroup;
			children = (
				1949AE791CEDD754005A85AD /* Controller */,
				1949AE7C1CEDD754005A85AD /* HttpRequest */,
				1949AE7D1CEDD754005A85AD /* Model */,
				1949AE7E1CEDD754005A85AD /* View */,
			);
			name = "Me(我的)";
			path = Me;
			sourceTree = "<group>";
		};
		1949AE791CEDD754005A85AD /* Controller */ = {
			isa = PBXGroup;
			children = (
				1949AE7A1CEDD754005A85AD /* SGKUserViewController.h */,
				1949AE7B1CEDD754005A85AD /* SGKUserViewController.m */,
			);
			path = Controller;
			sourceTree = "<group>";
		};
		1949AE7C1CEDD754005A85AD /* HttpRequest */ = {
			isa = PBXGroup;
			children = (
			);
			path = HttpRequest;
			sourceTree = "<group>";
		};
		1949AE7D1CEDD754005A85AD /* Model */ = {
			isa = PBXGroup;
			children = (
			);
			path = Model;
			sourceTree = "<group>";
		};
		1949AE7E1CEDD754005A85AD /* View */ = {
			isa = PBXGroup;
			children = (
			);
			path = View;
			sourceTree = "<group>";
		};
		1949AE7F1CEDD754005A85AD /* Other */ = {
			isa = PBXGroup;
			children = (
				191225601CF070DD008FC557 /* SystemsDetection.h */,
				191225611CF070DD008FC557 /* SystemsDetection.m */,
				1949AE8C1CEDD7FA005A85AD /* Public.h */,
			);
			path = Other;
			sourceTree = "<group>";
		};
		1949AE801CEDD754005A85AD /* Shiji(市集) */ = {
			isa = PBXGroup;
			children = (
				1949AE811CEDD754005A85AD /* Controller */,
				1949AE841CEDD754005A85AD /* HttpRequest */,
				1949AE851CEDD754005A85AD /* Model */,
				1949AE861CEDD754005A85AD /* View */,
			);
			name = "Shiji(市集)";
			path = Shiji;
			sourceTree = "<group>";
		};
		1949AE811CEDD754005A85AD /* Controller */ = {
			isa = PBXGroup;
			children = (
				1949AE821CEDD754005A85AD /* SGKShijiViewController.h */,
				1949AE831CEDD754005A85AD /* SGKShijiViewController.m */,
			);
			path = Controller;
			sourceTree = "<group>";
		};
		1949AE841CEDD754005A85AD /* HttpRequest */ = {
			isa = PBXGroup;
			children = (
			);
			path = HttpRequest;
			sourceTree = "<group>";
		};
		1949AE851CEDD754005A85AD /* Model */ = {
			isa = PBXGroup;
			children = (
			);
			path = Model;
			sourceTree = "<group>";
		};
		1949AE861CEDD754005A85AD /* View */ = {
			isa = PBXGroup;
			children = (
			);
			path = View;
			sourceTree = "<group>";
		};
		19D20A0B1CE9D7B400614167 = {
			isa = PBXGroup;
			children = (
				19D20A161CE9D7B400614167 /* Shougongke */,
				19D20A151CE9D7B400614167 /* Products */,
				4BA99D6FC762A2FA9E0BECE0 /* Pods */,
				DA92130C71EF562F7DC62136 /* Frameworks */,
			);
			sourceTree = "<group>";
		};
		19D20A151CE9D7B400614167 /* Products */ = {
			isa = PBXGroup;
			children = (
				19D20A141CE9D7B400614167 /* Shougongke.app */,
			);
			name = Products;
			sourceTree = "<group>";
		};
		19D20A161CE9D7B400614167 /* Shougongke */ = {
			isa = PBXGroup;
			children = (
				19EF6E151CF2E1AA002E4C2A /* Common */,
				191225551CF070B1008FC557 /* DYSource */,
				1949AE621CEDD754005A85AD /* Category */,
				1949AE711CEDD754005A85AD /* Home(首页) */,
				1949AE631CEDD754005A85AD /* Course(教程) */,
				1949AE6A1CEDD754005A85AD /* HandCircle(手工圈) */,
				1949AE801CEDD754005A85AD /* Shiji(市集) */,
				1949AE781CEDD754005A85AD /* Me(我的) */,
				1949AE7F1CEDD754005A85AD /* Other */,
				19E01A221CEC9D0900A520C4 /* SGKMainViewController.h */,
				19E01A231CEC9D0900A520C4 /* SGKMainViewController.m */,
				19D20A1D1CE9D7B400614167 /* ViewController.h */,
				19D20A1E1CE9D7B400614167 /* ViewController.m */,
				19D20A1A1CE9D7B400614167 /* AppDelegate.h */,
				19D20A1B1CE9D7B400614167 /* AppDelegate.m */,
				19E019871CEAED9100A520C4 /* Assets.xcassets */,
				19D20A201CE9D7B400614167 /* Main.storyboard */,
				19D20A251CE9D7B400614167 /* LaunchScreen.storyboard */,
				19E01A351CECACDA00A520C4 /* PrefixHeader.pch */,
				19D20A281CE9D7B400614167 /* Info.plist */,
				19D20A171CE9D7B400614167 /* Supporting Files */,
			);
			path = Shougongke;
			sourceTree = "<group>";
		};
		19D20A171CE9D7B400614167 /* Supporting Files */ = {
			isa = PBXGroup;
			children = (
				19D20A181CE9D7B400614167 /* main.m */,
			);
			name = "Supporting Files";
			sourceTree = "<group>";
		};
		19EF6E151CF2E1AA002E4C2A /* Common */ = {
			isa = PBXGroup;
			children = (
				19EF6E161CF2E1AA002E4C2A /* SGKBackToolBar.h */,
				19EF6E171CF2E1AA002E4C2A /* SGKBackToolBar.m */,
			);
			path = Common;
			sourceTree = "<group>";
		};
		4BA99D6FC762A2FA9E0BECE0 /* Pods */ = {
			isa = PBXGroup;
			children = (
				64860FFB2E3476A0D91F3C1A /* Pods-Shougongke.debug.xcconfig */,
				C344B72F8A01118871E8C86C /* Pods-Shougongke.release.xcconfig */,
			);
			name = Pods;
			sourceTree = "<group>";
		};
		DA92130C71EF562F7DC62136 /* Frameworks */ = {
			isa = PBXGroup;
			children = (
				22CDB22086622D49F8DBC98B /* libPods-Shougongke.a */,
			);
			name = Frameworks;
			sourceTree = "<group>";
		};
/* End PBXGroup section */

/* Begin PBXNativeTarget section */
		19D20A131CE9D7B400614167 /* Shougongke */ = {
			isa = PBXNativeTarget;
			buildConfigurationList = 19D20A2B1CE9D7B400614167 /* Build configuration list for PBXNativeTarget "Shougongke" */;
			buildPhases = (
				F540602338CDBC39A7BB53EA /* 📦 Check Pods Manifest.lock */,
				19D20A101CE9D7B400614167 /* Sources */,
				19D20A111CE9D7B400614167 /* Frameworks */,
				19D20A121CE9D7B400614167 /* Resources */,
				87308F4C356A7D7EEE96A371 /* 📦 Embed Pods Frameworks */,
				0093BA9794C2AAC8C04EFAE4 /* 📦 Copy Pods Resources */,
			);
			buildRules = (
			);
			dependencies = (
			);
			name = Shougongke;
			productName = Shougongke;
			productReference = 19D20A141CE9D7B400614167 /* Shougongke.app */;
			productType = "com.apple.product-type.application";
		};
/* End PBXNativeTarget section */

/* Begin PBXProject section */
		19D20A0C1CE9D7B400614167 /* Project object */ = {
			isa = PBXProject;
			attributes = {
				LastUpgradeCheck = 0730;
				ORGANIZATIONNAME = "周德艺";
				TargetAttributes = {
					19D20A131CE9D7B400614167 = {
						CreatedOnToolsVersion = 7.3.1;
					};
				};
			};
			buildConfigurationList = 19D20A0F1CE9D7B400614167 /* Build configuration list for PBXProject "Shougongke" */;
			compatibilityVersion = "Xcode 3.2";
			developmentRegion = English;
			hasScannedForEncodings = 0;
			knownRegions = (
				en,
				Base,
			);
			mainGroup = 19D20A0B1CE9D7B400614167;
			productRefGroup = 19D20A151CE9D7B400614167 /* Products */;
			projectDirPath = "";
			projectRoot = "";
			targets = (
				19D20A131CE9D7B400614167 /* Shougongke */,
			);
		};
/* End PBXProject section */

/* Begin PBXResourcesBuildPhase section */
		19D20A121CE9D7B400614167 /* Resources */ = {
			isa = PBXResourcesBuildPhase;
			buildActionMask = 2147483647;
			files = (
				19D20A271CE9D7B400614167 /* LaunchScreen.storyboard in Resources */,
				19E019881CEAED9100A520C4 /* Assets.xcassets in Resources */,
				19D20A221CE9D7B400614167 /* Main.storyboard in Resources */,
			);
			runOnlyForDeploymentPostprocessing = 0;
		};
/* End PBXResourcesBuildPhase section */

/* Begin PBXShellScriptBuildPhase section */
		0093BA9794C2AAC8C04EFAE4 /* 📦 Copy Pods Resources */ = {
			isa = PBXShellScriptBuildPhase;
			buildActionMask = 2147483647;
			files = (
			);
			inputPaths = (
			);
			name = "📦 Copy Pods Resources";
			outputPaths = (
			);
			runOnlyForDeploymentPostprocessing = 0;
			shellPath = /bin/sh;
			shellScript = "\"${SRCROOT}/Pods/Target Support Files/Pods-Shougongke/Pods-Shougongke-resources.sh\"\n";
			showEnvVarsInLog = 0;
		};
		87308F4C356A7D7EEE96A371 /* 📦 Embed Pods Frameworks */ = {
			isa = PBXShellScriptBuildPhase;
			buildActionMask = 2147483647;
			files = (
			);
			inputPaths = (
			);
			name = "📦 Embed Pods Frameworks";
			outputPaths = (
			);
			runOnlyForDeploymentPostprocessing = 0;
			shellPath = /bin/sh;
			shellScript = "\"${SRCROOT}/Pods/Target Support Files/Pods-Shougongke/Pods-Shougongke-frameworks.sh\"\n";
			showEnvVarsInLog = 0;
		};
		F540602338CDBC39A7BB53EA /* 📦 Check Pods Manifest.lock */ = {
			isa = PBXShellScriptBuildPhase;
			buildActionMask = 2147483647;
			files = (
			);
			inputPaths = (
			);
			name = "📦 Check Pods Manifest.lock";
			outputPaths = (
			);
			runOnlyForDeploymentPostprocessing = 0;
			shellPath = /bin/sh;
			shellScript = "diff \"${PODS_ROOT}/../Podfile.lock\" \"${PODS_ROOT}/Manifest.lock\" > /dev/null\nif [[ $? != 0 ]] ; then\n    cat << EOM\nerror: The sandbox is not in sync with the Podfile.lock. Run 'pod install' or update your CocoaPods installation.\nEOM\n    exit 1\nfi\n";
			showEnvVarsInLog = 0;
		};
/* End PBXShellScriptBuildPhase section */

/* Begin PBXSourcesBuildPhase section */
		19D20A101CE9D7B400614167 /* Sources */ = {
			isa = PBXSourcesBuildPhase;
			buildActionMask = 2147483647;
			files = (
				1912257B1CF0CCC9008FC557 /* SGKHotTopicCell.m in Sources */,
				1949AE871CEDD754005A85AD /* SGKCourseViewController.m in Sources */,
				19D20A1F1CE9D7B400614167 /* ViewController.m in Sources */,
				191225661CF070F8008FC557 /* DYNetworking.m in Sources */,
				1945EDC21CF224C600279CFB /* SGKSubjectDetailViewController.m in Sources */,
				19EF6E1B1CF30B72002E4C2A /* SGKActivityViewController.m in Sources */,
				1945EDBF1CF2059600279CFB /* SGKPublishView.m in Sources */,
				191E64C81CEECFF600E5FAA5 /* SGKHomeTableHeaderView.m in Sources */,
				19EF6E1E1CF30CBC002E4C2A /* SGKActivityCell.m in Sources */,
				1949AE881CEDD754005A85AD /* SGKHandCircleViewController.m in Sources */,
				191225621CF070DD008FC557 /* SystemsDetection.m in Sources */,
				191E64CE1CF0070100E5FAA5 /* SGKTalentCell.m in Sources */,
				19E01A241CEC9D0900A520C4 /* SGKMainViewController.m in Sources */,
				1945EDBC1CF1D3D400279CFB /* SGKSlideCell.m in Sources */,
				1949AE921CEE0A33005A85AD /* TestViewController.m in Sources */,
				1912255D1CF070B1008FC557 /* DYBannerCollectionViewCell.m in Sources */,
				191225691CF0718C008FC557 /* Slide.m in Sources */,
				19D20A1C1CE9D7B400614167 /* AppDelegate.m in Sources */,
				19EF6E211CF30DB1002E4C2A /* Activity.m in Sources */,
				1912257E1CF0D48B008FC557 /* DYNetworking+HomeHttpRequest.m in Sources */,
				19FC04C41CF36E05005EAAD7 /* SGKTalentListViewController.m in Sources */,
				1949AE8A1CEDD754005A85AD /* SGKUserViewController.m in Sources */,
				1945EDB41CF1938800279CFB /* HomeViewModel.m in Sources */,
				1912255E1CF070B1008FC557 /* DYBannerView.m in Sources */,
				19EF6E181CF2E1AA002E4C2A /* SGKBackToolBar.m in Sources */,
				19EF6E2D1CF35860002E4C2A /* TalentListModel.m in Sources */,
				191225781CF0ADA4008FC557 /* DYTableViewControllerDataSource.m in Sources */,
				19D20A191CE9D7B400614167 /* main.m in Sources */,
				19EF6E301CF35BF8002E4C2A /* SGKTalentListCell.m in Sources */,
				19EF6E2A1CF3568F002E4C2A /* DYNetworking+TalentListHttpRequest.m in Sources */,
				191225721CF07599008FC557 /* TopicObject.m in Sources */,
				1912256F1CF07477008FC557 /* TalentObject.m in Sources */,
				19EF6E261CF31EA1002E4C2A /* DYNetworking+ActivityHttpRequest.m in Sources */,
				1949AE8B1CEDD754005A85AD /* SGKShijiViewController.m in Sources */,
				191E64CB1CEEFC6800E5FAA5 /* SGKRelationCell.m in Sources */,
				1945EDB71CF1975800279CFB /* Relation.m in Sources */,
				1949AE891CEDD754005A85AD /* SGKHomeViewController.m in Sources */,
			);
			runOnlyForDeploymentPostprocessing = 0;
		};
/* End PBXSourcesBuildPhase section */

/* Begin PBXVariantGroup section */
		19D20A201CE9D7B400614167 /* Main.storyboard */ = {
			isa = PBXVariantGroup;
			children = (
				19D20A211CE9D7B400614167 /* Base */,
			);
			name = Main.storyboard;
			sourceTree = "<group>";
		};
		19D20A251CE9D7B400614167 /* LaunchScreen.storyboard */ = {
			isa = PBXVariantGroup;
			children = (
				19D20A261CE9D7B400614167 /* Base */,
			);
			name = LaunchScreen.storyboard;
			sourceTree = "<group>";
		};
/* End PBXVariantGroup section */

/* Begin XCBuildConfiguration section */
		19D20A291CE9D7B400614167 /* Debug */ = {
			isa = XCBuildConfiguration;
			buildSettings = {
				ALWAYS_SEARCH_USER_PATHS = NO;
				CLANG_ANALYZER_NONNULL = YES;
				CLANG_CXX_LANGUAGE_STANDARD = "gnu++0x";
				CLANG_CXX_LIBRARY = "libc++";
				CLANG_ENABLE_MODULES = YES;
				CLANG_ENABLE_OBJC_ARC = YES;
				CLANG_ENABLE_OBJC_WEAK = NO;
				CLANG_WARN_BOOL_CONVERSION = YES;
				CLANG_WARN_CONSTANT_CONVERSION = YES;
				CLANG_WARN_DIRECT_OBJC_ISA_USAGE = YES_ERROR;
				CLANG_WARN_EMPTY_BODY = YES;
				CLANG_WARN_ENUM_CONVERSION = YES;
				CLANG_WARN_INT_CONVERSION = YES;
				CLANG_WARN_OBJC_ROOT_CLASS = YES_ERROR;
				CLANG_WARN_UNREACHABLE_CODE = YES;
				CLANG_WARN__DUPLICATE_METHOD_MATCH = YES;
				"CODE_SIGN_IDENTITY[sdk=iphoneos*]" = "iPhone Developer";
				COPY_PHASE_STRIP = NO;
				DEBUG_INFORMATION_FORMAT = dwarf;
				ENABLE_STRICT_OBJC_MSGSEND = YES;
				ENABLE_TESTABILITY = YES;
				GCC_C_LANGUAGE_STANDARD = gnu99;
				GCC_DYNAMIC_NO_PIC = NO;
				GCC_NO_COMMON_BLOCKS = YES;
				GCC_OPTIMIZATION_LEVEL = 0;
				GCC_PREPROCESSOR_DEFINITIONS = (
					"DEBUG=1",
					"$(inherited)",
				);
				GCC_WARN_64_TO_32_BIT_CONVERSION = YES;
				GCC_WARN_ABOUT_RETURN_TYPE = YES_ERROR;
				GCC_WARN_UNDECLARED_SELECTOR = YES;
				GCC_WARN_UNINITIALIZED_AUTOS = YES_AGGRESSIVE;
				GCC_WARN_UNUSED_FUNCTION = YES;
				GCC_WARN_UNUSED_VARIABLE = YES;
				IPHONEOS_DEPLOYMENT_TARGET = 9.3;
				MTL_ENABLE_DEBUG_INFO = YES;
				ONLY_ACTIVE_ARCH = YES;
				SDKROOT = iphoneos;
			};
			name = Debug;
		};
		19D20A2A1CE9D7B400614167 /* Release */ = {
			isa = XCBuildConfiguration;
			buildSettings = {
				ALWAYS_SEARCH_USER_PATHS = NO;
				CLANG_ANALYZER_NONNULL = YES;
				CLANG_CXX_LANGUAGE_STANDARD = "gnu++0x";
				CLANG_CXX_LIBRARY = "libc++";
				CLANG_ENABLE_MODULES = YES;
				CLANG_ENABLE_OBJC_ARC = YES;
				CLANG_ENABLE_OBJC_WEAK = NO;
				CLANG_WARN_BOOL_CONVERSION = YES;
				CLANG_WARN_CONSTANT_CONVERSION = YES;
				CLANG_WARN_DIRECT_OBJC_ISA_USAGE = YES_ERROR;
				CLANG_WARN_EMPTY_BODY = YES;
				CLANG_WARN_ENUM_CONVERSION = YES;
				CLANG_WARN_INT_CONVERSION = YES;
				CLANG_WARN_OBJC_ROOT_CLASS = YES_ERROR;
				CLANG_WARN_UNREACHABLE_CODE = YES;
				CLANG_WARN__DUPLICATE_METHOD_MATCH = YES;
				"CODE_SIGN_IDENTITY[sdk=iphoneos*]" = "iPhone Developer";
				COPY_PHASE_STRIP = NO;
				DEBUG_INFORMATION_FORMAT = "dwarf-with-dsym";
				ENABLE_NS_ASSERTIONS = NO;
				ENABLE_STRICT_OBJC_MSGSEND = YES;
				GCC_C_LANGUAGE_STANDARD = gnu99;
				GCC_NO_COMMON_BLOCKS = YES;
				GCC_WARN_64_TO_32_BIT_CONVERSION = YES;
				GCC_WARN_ABOUT_RETURN_TYPE = YES_ERROR;
				GCC_WARN_UNDECLARED_SELECTOR = YES;
				GCC_WARN_UNINITIALIZED_AUTOS = YES_AGGRESSIVE;
				GCC_WARN_UNUSED_FUNCTION = YES;
				GCC_WARN_UNUSED_VARIABLE = YES;
				IPHONEOS_DEPLOYMENT_TARGET = 9.3;
				MTL_ENABLE_DEBUG_INFO = NO;
				SDKROOT = iphoneos;
				VALIDATE_PRODUCT = YES;
			};
			name = Release;
		};
		19D20A2C1CE9D7B400614167 /* Debug */ = {
			isa = XCBuildConfiguration;
			baseConfigurationReference = 64860FFB2E3476A0D91F3C1A /* Pods-Shougongke.debug.xcconfig */;
			buildSettings = {
				ASSETCATALOG_COMPILER_APPICON_NAME = AppIcon;
				ASSETCATALOG_COMPILER_LAUNCHIMAGE_NAME = LaunchImage;
				CLANG_ENABLE_OBJC_WEAK = NO;
				GCC_PRECOMPILE_PREFIX_HEADER = YES;
				GCC_PREFIX_HEADER = "$(SRCROOT)/Shougongke/PrefixHeader.pch";
				INFOPLIST_FILE = Shougongke/Info.plist;
				IPHONEOS_DEPLOYMENT_TARGET = 8.0;
				LD_RUNPATH_SEARCH_PATHS = "$(inherited) @executable_path/Frameworks";
				PRODUCT_BUNDLE_IDENTIFIER = com.zerody.Shougongke;
				PRODUCT_NAME = "$(TARGET_NAME)";
			};
			name = Debug;
		};
		19D20A2D1CE9D7B400614167 /* Release */ = {
			isa = XCBuildConfiguration;
			baseConfigurationReference = C344B72F8A01118871E8C86C /* Pods-Shougongke.release.xcconfig */;
			buildSettings = {
				ASSETCATALOG_COMPILER_APPICON_NAME = AppIcon;
				ASSETCATALOG_COMPILER_LAUNCHIMAGE_NAME = LaunchImage;
				CLANG_ENABLE_OBJC_WEAK = NO;
				GCC_PRECOMPILE_PREFIX_HEADER = YES;
				GCC_PREFIX_HEADER = "$(SRCROOT)/Shougongke/PrefixHeader.pch";
				INFOPLIST_FILE = Shougongke/Info.plist;
				IPHONEOS_DEPLOYMENT_TARGET = 8.0;
				LD_RUNPATH_SEARCH_PATHS = "$(inherited) @executable_path/Frameworks";
				PRODUCT_BUNDLE_IDENTIFIER = com.zerody.Shougongke;
				PRODUCT_NAME = "$(TARGET_NAME)";
			};
			name = Release;
		};
/* End XCBuildConfiguration section */

/* Begin XCConfigurationList section */
		19D20A0F1CE9D7B400614167 /* Build configuration list for PBXProject "Shougongke" */ = {
			isa = XCConfigurationList;
			buildConfigurations = (
				19D20A291CE9D7B400614167 /* Debug */,
				19D20A2A1CE9D7B400614167 /* Release */,
			);
			defaultConfigurationIsVisible = 0;
			defaultConfigurationName = Release;
		};
		19D20A2B1CE9D7B400614167 /* Build configuration list for PBXNativeTarget "Shougongke" */ = {
			isa = XCConfigurationList;
			buildConfigurations = (
				19D20A2C1CE9D7B400614167 /* Debug */,
				19D20A2D1CE9D7B400614167 /* Release */,
			);
			defaultConfigurationIsVisible = 0;
			defaultConfigurationName = Release;
		};
/* End XCConfigurationList section */
	};
	rootObject = 19D20A0C1CE9D7B400614167 /* Project object */;
}
